
Microsoft Visual Studio Solution File, Format Version 12.00
# Visual Studio Version 17
VisualStudioVersion = 17.6.33712.159
MinimumVisualStudioVersion = 10.0.40219.1
Project("{9A19103F-16F7-4668-BE54-9A1E7A4F7556}") = "snakeandslider", "snakeandslide\snakeandslider.csproj", "{2563A7F6-8703-4903-B4DC-56584958C309}"
EndProject
Global
	GlobalSection(SolutionConfigurationPlatforms) = preSolution
		Debug|Any CPU = Debug|Any CPU
		Release|Any CPU = Release|Any CPU
	EndGlobalSection
	GlobalSection(ProjectConfigurationPlatforms) = postSolution
		{2563A7F6-8703-4903-B4DC-56584958C309}.Debug|Any CPU.ActiveCfg = Debug|Any CPU
		{2563A7F6-8703-4903-B4DC-56584958C309}.Debug|Any CPU.Build.0 = Debug|Any CPU
		{2563A7F6-8703-4903-B4DC-56584958C309}.Release|Any CPU.ActiveCfg = Release|Any CPU
		{2563A7F6-8703-4903-B4DC-56584958C309}.Release|Any CPU.Build.0 = Release|Any CPU
	EndGlobalSection
	GlobalSection(SolutionProperties) = preSolution
		HideSolutionNode = FALSE
	EndGlobalSection
	GlobalSection(ExtensibilityGlobals) = postSolution
		SolutionGuid = {2297E96D-8F7A-44A0-B7DA-55694B7AA009}
	EndGlobalSection
EndGlobal
